// !$*UTF8*$!
{
	archiveVersion = 1;
	classes = {
	};
	objectVersion = 46;
	objects = {

/* Begin PBXBuildFile section */
		69D489551E572621002C1FA8 /* main.m in Sources */ = {isa = PBXBuildFile; fileRef = 69D489541E572621002C1FA8 /* main.m */; };
		69D489581E572621002C1FA8 /* AppDelegate.m in Sources */ = {isa = PBXBuildFile; fileRef = 69D489571E572621002C1FA8 /* AppDelegate.m */; };
		69D4895B1E572621002C1FA8 /* FirstViewController.m in Sources */ = {isa = PBXBuildFile; fileRef = 69D4895A1E572621002C1FA8 /* FirstViewController.m */; };
		69D4895E1E572621002C1FA8 /* SecondViewController.m in Sources */ = {isa = PBXBuildFile; fileRef = 69D4895D1E572621002C1FA8 /* SecondViewController.m */; };
		69D489611E572621002C1FA8 /* Main.storyboard in Resources */ = {isa = PBXBuildFile; fileRef = 69D4895F1E572621002C1FA8 /* Main.storyboard */; };
		69D489631E572621002C1FA8 /* Assets.xcassets in Resources */ = {isa = PBXBuildFile; fileRef = 69D489621E572621002C1FA8 /* Assets.xcassets */; };
		69D489661E572621002C1FA8 /* LaunchScreen.storyboard in Resources */ = {isa = PBXBuildFile; fileRef = 69D489641E572621002C1FA8 /* LaunchScreen.storyboard */; };
/* End PBXBuildFile section */

/* Begin PBXFileReference section */
		69D489501E572621002C1FA8 /* Tabview.app */ = {isa = PBXFileReference; explicitFileType = wrapper.application; includeInIndex = 0; path = Tabview.app; sourceTree = BUILT_PRODUCTS_DIR; };
		69D489541E572621002C1FA8 /* main.m */ = {isa = PBXFileReference; lastKnownFileType = sourcecode.c.objc; path = main.m; sourceTree = "<group>"; };
		69D489561E572621002C1FA8 /* AppDelegate.h */ = {isa = PBXFileReference; lastKnownFileType = sourcecode.c.h; path = AppDelegate.h; sourceTree = "<group>"; };
		69D489571E572621002C1FA8 /* AppDelegate.m */ = {isa = PBXFileReference; lastKnownFileType = sourcecode.c.objc; path = AppDelegate.m; sourceTree = "<group>"; };
		69D489591E572621002C1FA8 /* FirstViewController.h */ = {isa = PBXFileReference; lastKnownFileType = sourcecode.c.h; path = FirstViewController.h; sourceTree = "<group>"; };
		69D4895A1E572621002C1FA8 /* FirstViewController.m */ = {isa = PBXFileReference; lastKnownFileType = sourcecode.c.objc; path = FirstViewController.m; sourceTree = "<group>"; };
		69D4895C1E572621002C1FA8 /* SecondViewController.h */ = {isa = PBXFileReference; lastKnownFileType = sourcecode.c.h; path = SecondViewController.h; sourceTree = "<group>"; };
		69D4895D1E572621002C1FA8 /* SecondViewController.m */ = {isa = PBXFileReference; lastKnownFileType = sourcecode.c.objc; path = SecondViewController.m; sourceTree = "<group>"; };
		69D489601E572621002C1FA8 /* Base */ = {isa = PBXFileReference; lastKnownFileType = file.storyboard; name = Base; path = Base.lproj/Main.storyboard; sourceTree = "<group>"; };
		69D489621E572621002C1FA8 /* Assets.xcassets */ = {isa = PBXFileReference; lastKnownFileType = folder.assetcatalog; path = Assets.xcassets; sourceTree = "<group>"; };
		69D489651E572621002C1FA8 /* Base */ = {isa = PBXFileReference; lastKnownFileType = file.storyboard; name = Base; path = Base.lproj/LaunchScreen.storyboard; sourceTree = "<group>"; };
		69D489671E572621002C1FA8 /* Info.plist */ = {isa = PBXFileReference; lastKnownFileType = text.plist.xml; path = Info.plist; sourceTree = "<group>"; };
/* End PBXFileReference section */

/* Begin PBXFrameworksBuildPhase section */
		69D4894D1E572621002C1FA8 /* Frameworks */ = {
			isa = PBXFrameworksBuildPhase;
			buildActionMask = 2147483647;
			files = (
			);
			runOnlyForDeploymentPostprocessing = 0;
		};
/* End PBXFrameworksBuildPhase section */

/* Begin PBXGroup section */
		69D489471E572621002C1FA8 = {
			isa = PBXGroup;
			children = (
				69D489521E572621002C1FA8 /* Tabview */,
				69D489511E572621002C1FA8 /* Products */,
			);
			sourceTree = "<group>";
		};
		69D489511E572621002C1FA8 /* Products */ = {
			isa = PBXGroup;
			children = (
				69D489501E572621002C1FA8 /* Tabview.app */,
			);
			name = Products;
			sourceTree = "<group>";
		};
		69D489521E572621002C1FA8 /* Tabview */ = {
			isa = PBXGroup;
			children = (
				69D489561E572621002C1FA8 /* AppDelegate.h */,
				69D489571E572621002C1FA8 /* AppDelegate.m */,
				69D489591E572621002C1FA8 /* FirstViewController.h */,
				69D4895A1E572621002C1FA8 /* FirstViewController.m */,
				69D4895C1E572621002C1FA8 /* SecondViewController.h */,
				69D4895D1E572621002C1FA8 /* SecondViewController.m */,
				69D4895F1E572621002C1FA8 /* Main.storyboard */,
				69D489621E572621002C1FA8 /* Assets.xcassets */,
				69D489641E572621002C1FA8 /* LaunchScreen.storyboard */,
				69D489671E572621002C1FA8 /* Info.plist */,
				69D489531E572621002C1FA8 /* Supporting Files */,
			);
			path = Tabview;
			sourceTree = "<group>";
		};
		69D489531E572621002C1FA8 /* Supporting Files */ = {
			isa = PBXGroup;
			children = (
				69D489541E572621002C1FA8 /* main.m */,
			);
			name = "Supporting Files";
			sourceTree = "<group>";
		};
/* End PBXGroup section */

/* Begin PBXNativeTarget section */
		69D4894F1E572621002C1FA8 /* Tabview */ = {
			isa = PBXNativeTarget;
			buildConfigurationList = 69D4896A1E572621002C1FA8 /* Build configuration list for PBXNativeTarget "Tabview" */;
			buildPhases = (
				69D4894C1E572621002C1FA8 /* Sources */,
				69D4894D1E572621002C1FA8 /* Frameworks */,
				69D4894E1E572621002C1FA8 /* Resources */,
			);
			buildRules = (
			);
			dependencies = (
			);
			name = Tabview;
			productName = Tabview;
			productReference = 69D489501E572621002C1FA8 /* Tabview.app */;
			productType = "com.apple.product-type.application";
		};
/* End PBXNativeTarget section */

/* Begin PBXProject section */
		69D489481E572621002C1FA8 /* Project object */ = {
			isa = PBXProject;
			attributes = {
				LastUpgradeCheck = 0820;
				ORGANIZATIONNAME = Dristy;
				TargetAttributes = {
					69D4894F1E572621002C1FA8 = {
						CreatedOnToolsVersion = 8.2.1;
						DevelopmentTeam = 3AHQZ8B5M2;
						ProvisioningStyle = Automatic;
					};
				};
			};
			buildConfigurationList = 69D4894B1E572621002C1FA8 /* Build configuration list for PBXProject "Tabview" */;
			compatibilityVersion = "Xcode 3.2";
			developmentRegion = English;
			hasScannedForEncodings = 0;
			knownRegions = (
				en,
				Base,
			);
			mainGroup = 69D489471E572621002C1FA8;
			productRefGroup = 69D489511E572621002C1FA8 /* Products */;
			projectDirPath = "";
			projectRoot = "";
			targets = (
				69D4894F1E572621002C1FA8 /* Tabview */,
			);
		};
/* End PBXProject section */

/* Begin PBXResourcesBuildPhase section */
		69D4894E1E572621002C1FA8 /* Resources */ = {
			isa = PBXResourcesBuildPhase;
			buildActionMask = 2147483647;
			files = (
				69D489661E572621002C1FA8 /* LaunchScreen.storyboard in Resources */,
				69D489631E572621002C1FA8 /* Assets.xcassets in Resources */,
				69D489611E572621002C1FA8 /* Main.storyboard in Resources */,
			);
			runOnlyForDeploymentPostprocessing = 0;
		};
/* End PBXResourcesBuildPhase section */

/* Begin PBXSourcesBuildPhase section */
		69D4894C1E572621002C1FA8 /* Sources */ = {
			isa = PBXSourcesBuildPhase;
			buildActionMask = 2147483647;
			files = (
				69D4895E1E572621002C1FA8 /* SecondViewController.m in Sources */,
				69D489581E572621002C1FA8 /* AppDelegate.m in Sources */,
				69D4895B1E572621002C1FA8 /* FirstViewController.m in Sources */,
				69D489551E572621002C1FA8 /* main.m in Sources */,
			);
			runOnlyForDeploymentPostprocessing = 0;
		};
/* End PBXSourcesBuildPhase section */

/* Begin PBXVariantGroup section */
		69D4895F1E572621002C1FA8 /* Main.storyboard */ = {
			isa = PBXVariantGroup;
			children = (
				69D489601E572621002C1FA8 /* Base */,
			);
			name = Main.storyboard;
			sourceTree = "<group>";
		};
		69D489641E572621002C1FA8 /* LaunchScreen.storyboard */ = {
			isa = PBXVariantGroup;
			children = (
				69D489651E572621002C1FA8 /* Base */,
			);
			name = LaunchScreen.storyboard;
			sourceTree = "<group>";
		};
/* End PBXVariantGroup section */

/* Begin XCBuildConfiguration section */
		69D489681E572621002C1FA8 /* Debug */ = {
			isa = XCBuildConfiguration;
			buildSettings = {
				ALWAYS_SEARCH_USER_PATHS = NO;
				CLANG_ANALYZER_NONNULL = YES;
				CLANG_CXX_LANGUAGE_STANDARD = "gnu++0x";
				CLANG_CXX_LIBRARY = "libc++";
				CLANG_ENABLE_MODULES = YES;
				CLANG_ENABLE_OBJC_ARC = YES;
				CLANG_WARN_BOOL_CONVERSION = YES;
				CLANG_WARN_CONSTANT_CONVERSION = YES;
				CLANG_WARN_DIRECT_OBJC_ISA_USAGE = YES_ERROR;
				CLANG_WARN_DOCUMENTATION_COMMENTS = YES;
				CLANG_WARN_EMPTY_BODY = YES;
				CLANG_WARN_ENUM_CONVERSION = YES;
				CLANG_WARN_INFINITE_RECURSION = YES;
				CLANG_WARN_INT_CONVERSION = YES;
				CLANG_WARN_OBJC_ROOT_CLASS = YES_ERROR;
				CLANG_WARN_SUSPICIOUS_MOVE = YES;
				CLANG_WARN_UNREACHABLE_CODE = YES;
				CLANG_WARN__DUPLICATE_METHOD_MATCH = YES;
				"CODE_SIGN_IDENTITY[sdk=iphoneos*]" = "iPhone Developer";
				COPY_PHASE_STRIP = NO;
				DEBUG_INFORMATION_FORMAT = dwarf;
				ENABLE_STRICT_OBJC_MSGSEND = YES;
				ENABLE_TESTABILITY = YES;
				GCC_C_LANGUAGE_STANDARD = gnu99;
				GCC_DYNAMIC_NO_PIC = NO;
				GCC_NO_COMMON_BLOCKS = YES;
				GCC_OPTIMIZATION_LEVEL = 0;
				GCC_PREPROCESSOR_DEFINITIONS = (
					"DEBUG=1",
					"$(inherited)",
				);
				GCC_WARN_64_TO_32_BIT_CONVERSION = YES;
				GCC_WARN_ABOUT_RETURN_TYPE = YES_ERROR;
				GCC_WARN_UNDECLARED_SELECTOR = YES;
				GCC_WARN_UNINITIALIZED_AUTOS = YES_AGGRESSIVE;
				GCC_WARN_UNUSED_FUNCTION = YES;
				GCC_WARN_UNUSED_VARIABLE = YES;
				IPHONEOS_DEPLOYMENT_TARGET = 10.2;
				MTL_ENABLE_DEBUG_INFO = YES;
				ONLY_ACTIVE_ARCH = YES;
				SDKROOT = iphoneos;
			};
			name = Debug;
		};
		69D489691E572621002C1FA8 /* Release */ = {
			isa = XCBuildConfiguration;
			buildSettings = {
				ALWAYS_SEARCH_USER_PATHS = NO;
				CLANG_ANALYZER_NONNULL = YES;
				CLANG_CXX_LANGUAGE_STANDARD = "gnu++0x";
				CLANG_CXX_LIBRARY = "libc++";
				CLANG_ENABLE_MODULES = YES;
				CLANG_ENABLE_OBJC_ARC = YES;
				CLANG_WARN_BOOL_CONVERSION = YES;
				CLANG_WARN_CONSTANT_CONVERSION = YES;
				CLANG_WARN_DIRECT_OBJC_ISA_USAGE = YES_ERROR;
				CLANG_WARN_DOCUMENTATION_COMMENTS = YES;
				CLANG_WARN_EMPTY_BODY = YES;
				CLANG_WARN_ENUM_CONVERSION = YES;
				CLANG_WARN_INFINITE_RECURSION = YES;
				CLANG_WARN_INT_CONVERSION = YES;
				CLANG_WARN_OBJC_ROOT_CLASS = YES_ERROR;
				CLANG_WARN_SUSPICIOUS_MOVE = YES;
				CLANG_WARN_UNREACHABLE_CODE = YES;
				CLANG_WARN__DUPLICATE_METHOD_MATCH = YES;
				"CODE_SIGN_IDENTITY[sdk=iphoneos*]" = "iPhone Developer";
				COPY_PHASE_STRIP = NO;
				DEBUG_INFORMATION_FORMAT = "dwarf-with-dsym";
				ENABLE_NS_ASSERTIONS = NO;
				ENABLE_STRICT_OBJC_MSGSEND = YES;
				GCC_C_LANGUAGE_STANDARD = gnu99;
				GCC_NO_COMMON_BLOCKS = YES;
				GCC_WARN_64_TO_32_BIT_CONVERSION = YES;
				GCC_WARN_ABOUT_RETURN_TYPE = YES_ERROR;
				GCC_WARN_UNDECLARED_SELECTOR = YES;
				GCC_WARN_UNINITIALIZED_AUTOS = YES_AGGRESSIVE;
				GCC_WARN_UNUSED_FUNCTION = YES;
				GCC_WARN_UNUSED_VARIABLE = YES;
				IPHONEOS_DEPLOYMENT_TARGET = 10.2;
				MTL_ENABLE_DEBUG_INFO = NO;
				SDKROOT = iphoneos;
				VALIDATE_PRODUCT = YES;
			};
			name = Release;
		};
		69D4896B1E572621002C1FA8 /* Debug */ = {
			isa = XCBuildConfiguration;
			buildSettings = {
				ASSETCATALOG_COMPILER_APPICON_NAME = AppIcon;
				DEVELOPMENT_TEAM = 3AHQZ8B5M2;
				INFOPLIST_FILE = Tabview/Info.plist;
				LD_RUNPATH_SEARCH_PATHS = "$(inherited) @executable_path/Frameworks";
				PRODUCT_BUNDLE_IDENTIFIER = com.ZahidUIU.Tabview;
				PRODUCT_NAME = "$(TARGET_NAME)";
			};
			name = Debug;
		};
		69D4896C1E572621002C1FA8 /* Release */ = {
			isa = XCBuildConfiguration;
			buildSettings = {
				ASSETCATALOG_COMPILER_APPICON_NAME = AppIcon;
				DEVELOPMENT_TEAM = 3AHQZ8B5M2;
				INFOPLIST_FILE = Tabview/Info.plist;
				LD_RUNPATH_SEARCH_PATHS = "$(inherited) @executable_path/Frameworks";
				PRODUCT_BUNDLE_IDENTIFIER = com.ZahidUIU.Tabview;
				PRODUCT_NAME = "$(TARGET_NAME)";
			};
			name = Release;
		};
/* End XCBuildConfiguration section */

/* Begin XCConfigurationList section */
		69D4894B1E572621002C1FA8 /* Build configuration list for PBXProject "Tabview" */ = {
			isa = XCConfigurationList;
			buildConfigurations = (
				69D489681E572621002C1FA8 /* Debug */,
				69D489691E572621002C1FA8 /* Release */,
			);
			defaultConfigurationIsVisible = 0;
			defaultConfigurationName = Release;
		};
		69D4896A1E572621002C1FA8 /* Build configuration list for PBXNativeTarget "Tabview" */ = {
			isa = XCConfigurationList;
			buildConfigurations = (
				69D4896B1E572621002C1FA8 /* Debug */,
				69D4896C1E572621002C1FA8 /* Release */,
			);
			defaultConfigurationIsVisible = 0;
		};
/* End XCConfigurationList section */
	};
	rootObject = 69D489481E572621002C1FA8 /* Project object */;
}
